
Microsoft Visual Studio Solution File, Format Version 12.00
# Visual Studio Version 17
VisualStudioVersion = 17.11.35312.102
MinimumVisualStudioVersion = 10.0.40219.1
Project("{FAE04EC0-301F-11D3-BF4B-00C04F79EFBC}") = "Homework4", "Homework4\Homework4.csproj", "{297138FF-8C3C-4406-B6DE-34F405AFAE4E}"
EndProject
Global
	GlobalSection(SolutionConfigurationPlatforms) = preSolution
		Debug|Any CPU = Debug|Any CPU
		Release|Any CPU = Release|Any CPU
	EndGlobalSection
	GlobalSection(ProjectConfigurationPlatforms) = postSolution
		{297138FF-8C3C-4406-B6DE-34F405AFAE4E}.Debug|Any CPU.ActiveCfg = Debug|Any CPU
		{297138FF-8C3C-4406-B6DE-34F405AFAE4E}.Debug|Any CPU.Build.0 = Debug|Any CPU
		{297138FF-8C3C-4406-B6DE-34F405AFAE4E}.Release|Any CPU.ActiveCfg = Release|Any CPU
		{297138FF-8C3C-4406-B6DE-34F405AFAE4E}.Release|Any CPU.Build.0 = Release|Any CPU
	EndGlobalSection
	GlobalSection(SolutionProperties) = preSolution
		HideSolutionNode = FALSE
	EndGlobalSection
	GlobalSection(ExtensibilityGlobals) = postSolution
		SolutionGuid = {11C2B339-1E4A-44F8-8101-9ECBA88FEBC3}
	EndGlobalSection
EndGlobal
